
Microsoft Visual Studio Solution File, Format Version 12.00
# Visual Studio Version 17
VisualStudioVersion = 17.5.33530.505
MinimumVisualStudioVersion = 10.0.40219.1
Project("{FAE04EC0-301F-11D3-BF4B-00C04F79EFBC}") = "la-mia-pizzeria-crud-webapi", "la-mia-pizzeria-crud-webapi\la-mia-pizzeria-crud-webapi.csproj", "{C064D617-AADF-403E-B2B6-A13134FB5E02}"
EndProject
Global
	GlobalSection(SolutionConfigurationPlatforms) = preSolution
		Debug|Any CPU = Debug|Any CPU
		Release|Any CPU = Release|Any CPU
	EndGlobalSection
	GlobalSection(ProjectConfigurationPlatforms) = postSolution
		{C064D617-AADF-403E-B2B6-A13134FB5E02}.Debug|Any CPU.ActiveCfg = Debug|Any CPU
		{C064D617-AADF-403E-B2B6-A13134FB5E02}.Debug|Any CPU.Build.0 = Debug|Any CPU
		{C064D617-AADF-403E-B2B6-A13134FB5E02}.Release|Any CPU.ActiveCfg = Release|Any CPU
		{C064D617-AADF-403E-B2B6-A13134FB5E02}.Release|Any CPU.Build.0 = Release|Any CPU
	EndGlobalSection
	GlobalSection(SolutionProperties) = preSolution
		HideSolutionNode = FALSE
	EndGlobalSection
	GlobalSection(ExtensibilityGlobals) = postSolution
		SolutionGuid = {017D24DD-66D4-4858-BF9B-9EE87C08924A}
	EndGlobalSection
EndGlobal
